github.com/ProtonMail/ui v0.0.0-20161016113511-e2f5304f29b1 h1:+kE7tXgAo+at3qLOiBDUO5Q+T5MLLQoag0v247R5CRY=
github.com/ProtonMail/ui v0.0.0-20161016113511-e2f5304f29b1/go.mod h1:/6zSjqsJ14wZ9xb75WJCUQr9rycJx/xpzfBZlKA4B34=
github.com/andlabs/ui v0.0.0-20150417003328-e34c561ed5be h1:VtMGe/C/oiJXY9UvE3COaD3P+675LsDFBqyBxx6fBMM=
github.com/andlabs/ui v0.0.0-20150417003328-e34c561ed5be/go.mod h1:5G2EjwzgZUPnnReoKvPWVneT8APYbyKkihDVAHUi0II=
github.com/andlabs/ui v0.0.0-20180902183112-867a9e5a498d h1:4ianvxb8s3oyizgjuWWxGuTAUU+6JStcvj6BuHS4PVY=
github.com/andlabs/ui v0.0.0-20180902183112-867a9e5a498d/go.mod h1:5G2EjwzgZUPnnReoKvPWVneT8APYbyKkihDVAHUi0II=
github.com/go-sql-driver/mysql v1.5.0 h1:ozyZYNQW3x3HtqT1jira07DN2PArx2v7/mN66gGcHOs=
github.com/go-sql-driver/mysql v1.5.0/go.mod h1:DCzpHaOWr8IXmIStZouvnhqoel9Qv2LBy8hT2VhHyBg=
github.com/kr/pretty v0.1.0/go.mod h1:dAy3ld7l9f0ibDNOQOHHMYYIIbhfbHSm3C4ZsoJORNo=
github.com/kr/pty v1.1.1/go.mod h1:pFQYn66WHrOpPYNljwOMqo10TkYh1fy3cYio2l3bCsQ=
github.com/kr/text v0.1.0/go.mod h1:4Jbv+DJW3UT/LiOwJeYQe1efqtUx/iVham/4vfdArNI=
github.com/shurcooL/trayhost v0.0.0-20181020202213-114974ef9e16 h1:7EdFnfVUAu1Rv5bNVjaygc2dWu7RiZV804h3qOJtlbM=
github.com/shurcooL/trayhost v0.0.0-20181020202213-114974ef9e16/go.mod h1:jCGK0NF4lbbRrPGyl1Eonb4Xicbeiy2Ry6okvvZWlnQ=
github.com/tealeg/xlsx v1.0.5 h1:+f8oFmvY8Gw1iUXzPk+kz+4GpbDZPK1FhPiQRd+ypgE=
github.com/tealeg/xlsx v1.0.5/go.mod h1:btRS8dz54TDnvKNosuAqxrM1QgN1udgk9O34bDCnORM=
github.com/ying32/govcl v1.2.7 h1:n/Oyyf4eEf4PvywscWPAcQkCYQMIPP+lmm8TMZcQCDE=
github.com/ying32/govcl v1.2.7/go.mod h1:OV0bPMSNGlKwBkELqNeZpZw4CPPIc752u0VG2m7D0QE=
gopkg.in/check.v1 v1.0.0-20190902080502-41f04d3bba15/go.mod h1:Co6ibVJAznAaIkqp8huTwlJQCZ016jof/cbN4VW5Yz0=
